
Microsoft Visual Studio Solution File, Format Version 12.00
# Visual Studio Version 17
VisualStudioVersion = 17.11.35208.52
MinimumVisualStudioVersion = 10.0.40219.1
Project("{FAE04EC0-301F-11D3-BF4B-00C04F79EFBC}") = "Savings-API", "Savings-API\Savings-API.csproj", "{4355B599-46DE-4E08-8158-58575C6AD15B}"
EndProject
Global
	GlobalSection(SolutionConfigurationPlatforms) = preSolution
		Debug|Any CPU = Debug|Any CPU
		Release|Any CPU = Release|Any CPU
	EndGlobalSection
	GlobalSection(ProjectConfigurationPlatforms) = postSolution
		{4355B599-46DE-4E08-8158-58575C6AD15B}.Debug|Any CPU.ActiveCfg = Debug|Any CPU
		{4355B599-46DE-4E08-8158-58575C6AD15B}.Debug|Any CPU.Build.0 = Debug|Any CPU
		{4355B599-46DE-4E08-8158-58575C6AD15B}.Release|Any CPU.ActiveCfg = Release|Any CPU
		{4355B599-46DE-4E08-8158-58575C6AD15B}.Release|Any CPU.Build.0 = Release|Any CPU
	EndGlobalSection
	GlobalSection(SolutionProperties) = preSolution
		HideSolutionNode = FALSE
	EndGlobalSection
	GlobalSection(ExtensibilityGlobals) = postSolution
		SolutionGuid = {513EE680-A300-4D41-9F63-24B52A321FBA}
	EndGlobalSection
EndGlobal
